
Microsoft Visual Studio Solution File, Format Version 12.00
# Visual Studio Version 16
VisualStudioVersion = 16.0.29509.3
MinimumVisualStudioVersion = 10.0.40219.1
Project("{9A19103F-16F7-4668-BE54-9A1E7A4F7556}") = "ResponseApi", "ResponseApi.csproj", "{4809E88D-1B77-415F-8AAD-0219A795097A}"
EndProject
Project("{9A19103F-16F7-4668-BE54-9A1E7A4F7556}") = "FIASLibary", "..\FIASLibary\FIASLibary.csproj", "{F88B9FAA-E0DA-4055-B7F5-2355DC0F3341}"
EndProject
Global
	GlobalSection(SolutionConfigurationPlatforms) = preSolution
		Debug|Any CPU = Debug|Any CPU
		Release|Any CPU = Release|Any CPU
	EndGlobalSection
	GlobalSection(ProjectConfigurationPlatforms) = postSolution
		{4809E88D-1B77-415F-8AAD-0219A795097A}.Debug|Any CPU.ActiveCfg = Debug|Any CPU
		{4809E88D-1B77-415F-8AAD-0219A795097A}.Debug|Any CPU.Build.0 = Debug|Any CPU
		{4809E88D-1B77-415F-8AAD-0219A795097A}.Release|Any CPU.ActiveCfg = Release|Any CPU
		{4809E88D-1B77-415F-8AAD-0219A795097A}.Release|Any CPU.Build.0 = Release|Any CPU
		{F88B9FAA-E0DA-4055-B7F5-2355DC0F3341}.Debug|Any CPU.ActiveCfg = Debug|Any CPU
		{F88B9FAA-E0DA-4055-B7F5-2355DC0F3341}.Debug|Any CPU.Build.0 = Debug|Any CPU
		{F88B9FAA-E0DA-4055-B7F5-2355DC0F3341}.Release|Any CPU.ActiveCfg = Release|Any CPU
		{F88B9FAA-E0DA-4055-B7F5-2355DC0F3341}.Release|Any CPU.Build.0 = Release|Any CPU
	EndGlobalSection
	GlobalSection(SolutionProperties) = preSolution
		HideSolutionNode = FALSE
	EndGlobalSection
	GlobalSection(ExtensibilityGlobals) = postSolution
		SolutionGuid = {4D92E019-3F85-4804-BCD7-4E82DD0AC00B}
	EndGlobalSection
EndGlobal
